
Microsoft Visual Studio Solution File, Format Version 12.00
# Visual Studio Version 16
VisualStudioVersion = 25.0.1704.4
MinimumVisualStudioVersion = 10.0.40219.1
Project("{FAE04EC0-301F-11D3-BF4B-00C04F79EFBC}") = "class5_WebAPIclient", "class5_WebAPIclient\class5_WebAPIclient.csproj", "{DB176425-6094-4FA8-83B5-2BBDD4E81A50}"
EndProject
Global
	GlobalSection(SolutionConfigurationPlatforms) = preSolution
		Debug|Any CPU = Debug|Any CPU
		Release|Any CPU = Release|Any CPU
	EndGlobalSection
	GlobalSection(ProjectConfigurationPlatforms) = postSolution
		{DB176425-6094-4FA8-83B5-2BBDD4E81A50}.Debug|Any CPU.ActiveCfg = Debug|Any CPU
		{DB176425-6094-4FA8-83B5-2BBDD4E81A50}.Debug|Any CPU.Build.0 = Debug|Any CPU
		{DB176425-6094-4FA8-83B5-2BBDD4E81A50}.Release|Any CPU.ActiveCfg = Release|Any CPU
		{DB176425-6094-4FA8-83B5-2BBDD4E81A50}.Release|Any CPU.Build.0 = Release|Any CPU
	EndGlobalSection
	GlobalSection(SolutionProperties) = preSolution
		HideSolutionNode = FALSE
	EndGlobalSection
	GlobalSection(ExtensibilityGlobals) = postSolution
		SolutionGuid = {ED3ADAA8-6439-4B97-9C41-077CAF0D5A1C}
	EndGlobalSection
EndGlobal
